#
# This file is autogenerated by pip-compile with Python 3.12
# by the following command:
#
#    pip-compile --output-file=requirements.lock requirements.txt
#
certifi==2025.8.3
    # via requests
charset-normalizer==3.4.3
    # via requests
filelock==3.19.1
    # via -r requirements.txt
idna==3.10
    # via requests
python-dotenv==1.1.1
    # via -r requirements.txt
python-frontmatter==1.1.0
    # via -r requirements.txt
pyyaml==6.0.2
    # via
    #   -r requirements.txt
    #   python-frontmatter
requests==2.32.4
    # via -r requirements.txt
urllib3==2.5.0
    # via requests
